
Microsoft Visual Studio Solution File, Format Version 12.00
# Visual Studio Version 16
VisualStudioVersion = 16.0.30317.65
MinimumVisualStudioVersion = 10.0.40219.1
Project("{9A19103F-16F7-4668-BE54-9A1E7A4F7556}") = "OxyPlot.Avalonia", "OxyPlot.Avalonia\OxyPlot.Avalonia.csproj", "{5E84602E-4CA3-4999-9079-5BE07EC22E74}"
EndProject
Global
	GlobalSection(SolutionConfigurationPlatforms) = preSolution
		Debug|Any CPU = Debug|Any CPU
		Release|Any CPU = Release|Any CPU
	EndGlobalSection
	GlobalSection(ProjectConfigurationPlatforms) = postSolution
		{5E84602E-4CA3-4999-9079-5BE07EC22E74}.Debug|Any CPU.ActiveCfg = Debug|Any CPU
		{5E84602E-4CA3-4999-9079-5BE07EC22E74}.Debug|Any CPU.Build.0 = Debug|Any CPU
		{5E84602E-4CA3-4999-9079-5BE07EC22E74}.Release|Any CPU.ActiveCfg = Release|Any CPU
		{5E84602E-4CA3-4999-9079-5BE07EC22E74}.Release|Any CPU.Build.0 = Release|Any CPU
	EndGlobalSection
	GlobalSection(SolutionProperties) = preSolution
		HideSolutionNode = FALSE
	EndGlobalSection
	GlobalSection(ExtensibilityGlobals) = postSolution
		SolutionGuid = {4EBC545A-09C9-4CE8-8388-409B0ACEF2C1}
	EndGlobalSection
EndGlobal
